<?xml version="1.0"?>
<Project ToolsVersion="4.0" xmlns="http://schemas.microsoft.com/developer/msbuild/2003">
	<ItemGroup>
		<ClCompile Include="src\ofApp.cpp">
			<Filter>src</Filter>
		</ClCompile>
		<ClCompile Include="src\main.cpp">
			<Filter>src</Filter>
		</ClCompile>
		<ClCompile Include="..\..\..\addons\ofxXmlSettings\src\ofxXmlSettings.cpp">
			<Filter>addons\ofxXmlSettings\src</Filter>
		</ClCompile>
		<ClCompile Include="..\..\..\addons\ofxXmlSettings\libs\tinyxml.cpp">
			<Filter>addons\ofxXmlSettings\libs</Filter>
		</ClCompile>
		<ClCompile Include="..\..\..\addons\ofxXmlSettings\libs\tinyxmlerror.cpp">
			<Filter>addons\ofxXmlSettings\libs</Filter>
		</ClCompile>
		<ClCompile Include="..\..\..\addons\ofxXmlSettings\libs\tinyxmlparser.cpp">
			<Filter>addons\ofxXmlSettings\libs</Filter>
		</ClCompile>
		<ClCompile Include="..\..\..\addons\ofxBBCUtils\src\app\iApp.cpp">
			<Filter>addons\ofxBBCUtils\src\app</Filter>
		</ClCompile>
		<ClCompile Include="..\..\..\addons\ofxBBCUtils\src\Config.cpp">
			<Filter>addons\ofxBBCUtils\src</Filter>
		</ClCompile>
		<ClCompile Include="..\..\..\addons\ofxBBCUtils\src\timers\CheckTimer.cpp">
			<Filter>addons\ofxBBCUtils\src\timers</Filter>
		</ClCompile>
		<ClCompile Include="..\..\..\addons\ofxBBCUtils\src\timers\FrameTimer.cpp">
			<Filter>addons\ofxBBCUtils\src\timers</Filter>
		</ClCompile>
		<ClCompile Include="..\..\..\addons\ofxBBCUtils\src\XmlSettingsEx.cpp">
			<Filter>addons\ofxBBCUtils\src</Filter>
		</ClCompile>
	</ItemGroup>
	<ItemGroup>
		<Filter Include="src">
			<UniqueIdentifier>{d8376475-7454-4a24-b08a-aac121d3ad6f}</UniqueIdentifier>
		</Filter>
		<Filter Include="addons">
			<UniqueIdentifier>{71834F65-F3A9-211E-73B8-DC85}</UniqueIdentifier>
		</Filter>
		<Filter Include="addons\ofxXmlSettings">
			<UniqueIdentifier>{877F005D-13E6-0592-1D97-F2E3}</UniqueIdentifier>
		</Filter>
		<Filter Include="addons\ofxXmlSettings\src">
			<UniqueIdentifier>{CCB2AC63-49D2-977C-CFE8-AEAD}</UniqueIdentifier>
		</Filter>
		<Filter Include="addons\ofxXmlSettings\libs">
			<UniqueIdentifier>{687714A8-1662-FA1C-261F-50F0}</UniqueIdentifier>
		</Filter>
		<Filter Include="addons\ofxBBCUtils">
			<UniqueIdentifier>{46012FF5-A592-B952-02F3-A69D}</UniqueIdentifier>
		</Filter>
		<Filter Include="addons\ofxBBCUtils\src">
			<UniqueIdentifier>{11B1CC58-0CD4-9E40-E132-0C21}</UniqueIdentifier>
		</Filter>
		<Filter Include="addons\ofxBBCUtils\src\animation">
			<UniqueIdentifier>{F490784C-0E10-CB16-E0FA-3DC9}</UniqueIdentifier>
		</Filter>
		<Filter Include="addons\ofxBBCUtils\src\app">
			<UniqueIdentifier>{61264665-A979-C47E-0D1E-EA40}</UniqueIdentifier>
		</Filter>
		<Filter Include="addons\ofxBBCUtils\src\easing">
			<UniqueIdentifier>{F52A0B83-B8B8-6B65-6DA7-43DB}</UniqueIdentifier>
		</Filter>
		<Filter Include="addons\ofxBBCUtils\src\timers">
			<UniqueIdentifier>{739680CF-6083-7217-C949-2076}</UniqueIdentifier>
		</Filter>
	</ItemGroup>
	<ItemGroup>
		<ClInclude Include="src\ofApp.h">
			<Filter>src</Filter>
		</ClInclude>
		<ClInclude Include="..\..\..\addons\ofxXmlSettings\src\ofxXmlSettings.h">
			<Filter>addons\ofxXmlSettings\src</Filter>
		</ClInclude>
		<ClInclude Include="..\..\..\addons\ofxXmlSettings\libs\tinyxml.h">
			<Filter>addons\ofxXmlSettings\libs</Filter>
		</ClInclude>
		<ClInclude Include="..\..\..\addons\ofxBBCUtils\src\animation\BezierAnimator.h">
			<Filter>addons\ofxBBCUtils\src\animation</Filter>
		</ClInclude>
		<ClInclude Include="..\..\..\addons\ofxBBCUtils\src\animation\FrameTweener.h">
			<Filter>addons\ofxBBCUtils\src\animation</Filter>
		</ClInclude>
		<ClInclude Include="..\..\..\addons\ofxBBCUtils\src\animation\RandomBezierAnimator.h">
			<Filter>addons\ofxBBCUtils\src\animation</Filter>
		</ClInclude>
		<ClInclude Include="..\..\..\addons\ofxBBCUtils\src\app\iApp.h">
			<Filter>addons\ofxBBCUtils\src\app</Filter>
		</ClInclude>
		<ClInclude Include="..\..\..\addons\ofxBBCUtils\src\BBCUtils.h">
			<Filter>addons\ofxBBCUtils\src</Filter>
		</ClInclude>
		<ClInclude Include="..\..\..\addons\ofxBBCUtils\src\Config.h">
			<Filter>addons\ofxBBCUtils\src</Filter>
		</ClInclude>
		<ClInclude Include="..\..\..\addons\ofxBBCUtils\src\easing\Back.h">
			<Filter>addons\ofxBBCUtils\src\easing</Filter>
		</ClInclude>
		<ClInclude Include="..\..\..\addons\ofxBBCUtils\src\easing\Bounce.h">
			<Filter>addons\ofxBBCUtils\src\easing</Filter>
		</ClInclude>
		<ClInclude Include="..\..\..\addons\ofxBBCUtils\src\easing\Circ.h">
			<Filter>addons\ofxBBCUtils\src\easing</Filter>
		</ClInclude>
		<ClInclude Include="..\..\..\addons\ofxBBCUtils\src\easing\Cubic.h">
			<Filter>addons\ofxBBCUtils\src\easing</Filter>
		</ClInclude>
		<ClInclude Include="..\..\..\addons\ofxBBCUtils\src\easing\easing.h">
			<Filter>addons\ofxBBCUtils\src\easing</Filter>
		</ClInclude>
		<ClInclude Include="..\..\..\addons\ofxBBCUtils\src\easing\Elastic.h">
			<Filter>addons\ofxBBCUtils\src\easing</Filter>
		</ClInclude>
		<ClInclude Include="..\..\..\addons\ofxBBCUtils\src\easing\ErpEase.h">
			<Filter>addons\ofxBBCUtils\src\easing</Filter>
		</ClInclude>
		<ClInclude Include="..\..\..\addons\ofxBBCUtils\src\easing\Expo.h">
			<Filter>addons\ofxBBCUtils\src\easing</Filter>
		</ClInclude>
		<ClInclude Include="..\..\..\addons\ofxBBCUtils\src\easing\Linear.h">
			<Filter>addons\ofxBBCUtils\src\easing</Filter>
		</ClInclude>
		<ClInclude Include="..\..\..\addons\ofxBBCUtils\src\easing\Quad.h">
			<Filter>addons\ofxBBCUtils\src\easing</Filter>
		</ClInclude>
		<ClInclude Include="..\..\..\addons\ofxBBCUtils\src\easing\Quart.h">
			<Filter>addons\ofxBBCUtils\src\easing</Filter>
		</ClInclude>
		<ClInclude Include="..\..\..\addons\ofxBBCUtils\src\easing\Quint.h">
			<Filter>addons\ofxBBCUtils\src\easing</Filter>
		</ClInclude>
		<ClInclude Include="..\..\..\addons\ofxBBCUtils\src\easing\Sine.h">
			<Filter>addons\ofxBBCUtils\src\easing</Filter>
		</ClInclude>
		<ClInclude Include="..\..\..\addons\ofxBBCUtils\src\timers\CheckTimer.h">
			<Filter>addons\ofxBBCUtils\src\timers</Filter>
		</ClInclude>
		<ClInclude Include="..\..\..\addons\ofxBBCUtils\src\timers\FrameTimer.h">
			<Filter>addons\ofxBBCUtils\src\timers</Filter>
		</ClInclude>
		<ClInclude Include="..\..\..\addons\ofxBBCUtils\src\XmlSettingsEx.h">
			<Filter>addons\ofxBBCUtils\src</Filter>
		</ClInclude>
	</ItemGroup>
	<ItemGroup>
		<ResourceCompile Include="icon.rc" />
	</ItemGroup>
</Project>
