// !$*UTF8*$!
{
	archiveVersion = 1;
	classes = {
	};
	objectVersion = 46;
	objects = {

/* Begin PBXBuildFile section */
		31FE1F7A00DF82FCC90BA753 /* iApp.cpp in Sources */ = {isa = PBXBuildFile; fileRef = B6B9768136E15886ABD03A47 /* iApp.cpp */; };
		487ED88D81A1598B77F6ED97 /* FrameTimer.cpp in Sources */ = {isa = PBXBuildFile; fileRef = 4C33654D62F1D3B0E4767792 /* FrameTimer.cpp */; };
		5A4349E9754D6FA14C0F2A3A /* tinyxmlparser.cpp in Sources */ = {isa = PBXBuildFile; fileRef = FC5DA1C87211D4F6377DA719 /* tinyxmlparser.cpp */; };
		63B57AC5BF4EF088491E0317 /* ofxXmlSettings.cpp in Sources */ = {isa = PBXBuildFile; fileRef = 50DF87D612C5AAE17AAFA6C0 /* ofxXmlSettings.cpp */; };
		79141D7C0BBC9D86102FC20A /* CheckTimer.cpp in Sources */ = {isa = PBXBuildFile; fileRef = 6BC9329E0CADB4B77D5858F0 /* CheckTimer.cpp */; };
		881A59493E345970B3DF562A /* bbcConfig.cpp in Sources */ = {isa = PBXBuildFile; fileRef = 097B3DE5AB3AFF215F9E9282 /* bbcConfig.cpp */; };
		933A2227713C720CEFF80FD9 /* tinyxml.cpp in Sources */ = {isa = PBXBuildFile; fileRef = 2B40EDA85BEB63E46785BC29 /* tinyxml.cpp */; };
		9D44DC88EF9E7991B4A09951 /* tinyxmlerror.cpp in Sources */ = {isa = PBXBuildFile; fileRef = 832BDC407620CDBA568B713D /* tinyxmlerror.cpp */; };
		E4328149138ABC9F0047C5CB /* openFrameworksDebug.a in Frameworks */ = {isa = PBXBuildFile; fileRef = E4328148138ABC890047C5CB /* openFrameworksDebug.a */; };
		E4B69E200A3A1BDC003C02F2 /* main.cpp in Sources */ = {isa = PBXBuildFile; fileRef = E4B69E1D0A3A1BDC003C02F2 /* main.cpp */; };
		E4B69E210A3A1BDC003C02F2 /* ofApp.cpp in Sources */ = {isa = PBXBuildFile; fileRef = E4B69E1E0A3A1BDC003C02F2 /* ofApp.cpp */; };
		F50A83CC0282500EFC034859 /* XmlSettingsEx.cpp in Sources */ = {isa = PBXBuildFile; fileRef = 44E4E648B6AF4C25465BDF27 /* XmlSettingsEx.cpp */; };
/* End PBXBuildFile section */

/* Begin PBXContainerItemProxy section */
		E4328147138ABC890047C5CB /* PBXContainerItemProxy */ = {
			isa = PBXContainerItemProxy;
			containerPortal = E4328143138ABC890047C5CB /* openFrameworksLib.xcodeproj */;
			proxyType = 2;
			remoteGlobalIDString = E4B27C1510CBEB8E00536013;
			remoteInfo = openFrameworks;
		};
		E4EEB9AB138B136A00A80321 /* PBXContainerItemProxy */ = {
			isa = PBXContainerItemProxy;
			containerPortal = E4328143138ABC890047C5CB /* openFrameworksLib.xcodeproj */;
			proxyType = 1;
			remoteGlobalIDString = E4B27C1410CBEB8E00536013;
			remoteInfo = openFrameworks;
		};
/* End PBXContainerItemProxy section */

/* Begin PBXCopyFilesBuildPhase section */
		E4C2427710CC5ABF004149E2 /* CopyFiles */ = {
			isa = PBXCopyFilesBuildPhase;
			buildActionMask = 2147483647;
			dstPath = "";
			dstSubfolderSpec = 10;
			files = (
			);
			runOnlyForDeploymentPostprocessing = 0;
		};
/* End PBXCopyFilesBuildPhase section */

/* Begin PBXFileReference section */
		01DCC0911400F9ACF5B65578 /* ofxXmlSettings.h */ = {isa = PBXFileReference; explicitFileType = sourcecode.c.h; fileEncoding = 30; name = ofxXmlSettings.h; path = ../../../addons/ofxXmlSettings/src/ofxXmlSettings.h; sourceTree = SOURCE_ROOT; };
		097B3DE5AB3AFF215F9E9282 /* bbcConfig.cpp */ = {isa = PBXFileReference; explicitFileType = sourcecode.cpp.cpp; fileEncoding = 30; name = bbcConfig.cpp; path = ../../../addons/ofxBBCUtils/src/bbcConfig.cpp; sourceTree = SOURCE_ROOT; };
		16288B171BAB8DA200812277 /* config.xml */ = {isa = PBXFileReference; lastKnownFileType = text.xml; path = config.xml; sourceTree = "<group>"; };
		1CC5DF37FDFE96371D7246DC /* Quart.h */ = {isa = PBXFileReference; explicitFileType = sourcecode.c.h; fileEncoding = 30; name = Quart.h; path = ../../../addons/ofxBBCUtils/src/easing/Quart.h; sourceTree = SOURCE_ROOT; };
		2A5C8AEB36477D7425170E40 /* bbcConfig.h */ = {isa = PBXFileReference; explicitFileType = sourcecode.c.h; fileEncoding = 30; name = bbcConfig.h; path = ../../../addons/ofxBBCUtils/src/bbcConfig.h; sourceTree = SOURCE_ROOT; };
		2B40EDA85BEB63E46785BC29 /* tinyxml.cpp */ = {isa = PBXFileReference; explicitFileType = sourcecode.cpp.cpp; fileEncoding = 30; name = tinyxml.cpp; path = ../../../addons/ofxXmlSettings/libs/tinyxml.cpp; sourceTree = SOURCE_ROOT; };
		2D29028F956E3E87802D18AD /* FPSTrackingWidget.h */ = {isa = PBXFileReference; explicitFileType = sourcecode.c.h; fileEncoding = 30; name = FPSTrackingWidget.h; path = ../../../addons/ofxBBCUtils/src/debug/FPSTrackingWidget.h; sourceTree = SOURCE_ROOT; };
		2DDEA227027DE6081F4B8904 /* FrameTweener.h */ = {isa = PBXFileReference; explicitFileType = sourcecode.c.h; fileEncoding = 30; name = FrameTweener.h; path = ../../../addons/ofxBBCUtils/src/animation/FrameTweener.h; sourceTree = SOURCE_ROOT; };
		2F12C877D49EEE3437631DB1 /* Sine.h */ = {isa = PBXFileReference; explicitFileType = sourcecode.c.h; fileEncoding = 30; name = Sine.h; path = ../../../addons/ofxBBCUtils/src/easing/Sine.h; sourceTree = SOURCE_ROOT; };
		44E4E648B6AF4C25465BDF27 /* XmlSettingsEx.cpp */ = {isa = PBXFileReference; explicitFileType = sourcecode.cpp.cpp; fileEncoding = 30; name = XmlSettingsEx.cpp; path = ../../../addons/ofxBBCUtils/src/XmlSettingsEx.cpp; sourceTree = SOURCE_ROOT; };
		4C33654D62F1D3B0E4767792 /* FrameTimer.cpp */ = {isa = PBXFileReference; explicitFileType = sourcecode.cpp.cpp; fileEncoding = 30; name = FrameTimer.cpp; path = ../../../addons/ofxBBCUtils/src/timers/FrameTimer.cpp; sourceTree = SOURCE_ROOT; };
		50DF87D612C5AAE17AAFA6C0 /* ofxXmlSettings.cpp */ = {isa = PBXFileReference; explicitFileType = sourcecode.cpp.cpp; fileEncoding = 30; name = ofxXmlSettings.cpp; path = ../../../addons/ofxXmlSettings/src/ofxXmlSettings.cpp; sourceTree = SOURCE_ROOT; };
		56115D40D47539E428604F50 /* Linear.h */ = {isa = PBXFileReference; explicitFileType = sourcecode.c.h; fileEncoding = 30; name = Linear.h; path = ../../../addons/ofxBBCUtils/src/easing/Linear.h; sourceTree = SOURCE_ROOT; };
		5E9792D817790CC772B6DFAC /* BezierAnimator.h */ = {isa = PBXFileReference; explicitFileType = sourcecode.c.h; fileEncoding = 30; name = BezierAnimator.h; path = ../../../addons/ofxBBCUtils/src/animation/BezierAnimator.h; sourceTree = SOURCE_ROOT; };
		643FF0B5A58B99E2EF2113D1 /* Quad.h */ = {isa = PBXFileReference; explicitFileType = sourcecode.c.h; fileEncoding = 30; name = Quad.h; path = ../../../addons/ofxBBCUtils/src/easing/Quad.h; sourceTree = SOURCE_ROOT; };
		6862D6D0274F2B7724021D3F /* CheckTimer.h */ = {isa = PBXFileReference; explicitFileType = sourcecode.c.h; fileEncoding = 30; name = CheckTimer.h; path = ../../../addons/ofxBBCUtils/src/timers/CheckTimer.h; sourceTree = SOURCE_ROOT; };
		6BC9329E0CADB4B77D5858F0 /* CheckTimer.cpp */ = {isa = PBXFileReference; explicitFileType = sourcecode.cpp.cpp; fileEncoding = 30; name = CheckTimer.cpp; path = ../../../addons/ofxBBCUtils/src/timers/CheckTimer.cpp; sourceTree = SOURCE_ROOT; };
		77055580925EC895A186E23B /* RandomBezierAnimator.h */ = {isa = PBXFileReference; explicitFileType = sourcecode.c.h; fileEncoding = 30; name = RandomBezierAnimator.h; path = ../../../addons/ofxBBCUtils/src/animation/RandomBezierAnimator.h; sourceTree = SOURCE_ROOT; };
		77FDCB25D3300A8A9189C503 /* Elastic.h */ = {isa = PBXFileReference; explicitFileType = sourcecode.c.h; fileEncoding = 30; name = Elastic.h; path = ../../../addons/ofxBBCUtils/src/easing/Elastic.h; sourceTree = SOURCE_ROOT; };
		80C67CB7CABF24782FF9F1C7 /* Bounce.h */ = {isa = PBXFileReference; explicitFileType = sourcecode.c.h; fileEncoding = 30; name = Bounce.h; path = ../../../addons/ofxBBCUtils/src/easing/Bounce.h; sourceTree = SOURCE_ROOT; };
		832BDC407620CDBA568B713D /* tinyxmlerror.cpp */ = {isa = PBXFileReference; explicitFileType = sourcecode.cpp.cpp; fileEncoding = 30; name = tinyxmlerror.cpp; path = ../../../addons/ofxXmlSettings/libs/tinyxmlerror.cpp; sourceTree = SOURCE_ROOT; };
		88969E6E689D41D940B10DCA /* easing.h */ = {isa = PBXFileReference; explicitFileType = sourcecode.c.h; fileEncoding = 30; name = easing.h; path = ../../../addons/ofxBBCUtils/src/easing/easing.h; sourceTree = SOURCE_ROOT; };
		9BC8C5DD6E3A4D342DE38DA0 /* FrameTimer.h */ = {isa = PBXFileReference; explicitFileType = sourcecode.c.h; fileEncoding = 30; name = FrameTimer.h; path = ../../../addons/ofxBBCUtils/src/timers/FrameTimer.h; sourceTree = SOURCE_ROOT; };
		9DECC8175413102E4E17E796 /* Expo.h */ = {isa = PBXFileReference; explicitFileType = sourcecode.c.h; fileEncoding = 30; name = Expo.h; path = ../../../addons/ofxBBCUtils/src/easing/Expo.h; sourceTree = SOURCE_ROOT; };
		A5D039A084B865B4DC68ED98 /* Back.h */ = {isa = PBXFileReference; explicitFileType = sourcecode.c.h; fileEncoding = 30; name = Back.h; path = ../../../addons/ofxBBCUtils/src/easing/Back.h; sourceTree = SOURCE_ROOT; };
		AEC750E99FE0374D9DF4507F /* iApp.h */ = {isa = PBXFileReference; explicitFileType = sourcecode.c.h; fileEncoding = 30; name = iApp.h; path = ../../../addons/ofxBBCUtils/src/app/iApp.h; sourceTree = SOURCE_ROOT; };
		B21E7E5F548EEA92F368040B /* tinyxml.h */ = {isa = PBXFileReference; explicitFileType = sourcecode.c.h; fileEncoding = 30; name = tinyxml.h; path = ../../../addons/ofxXmlSettings/libs/tinyxml.h; sourceTree = SOURCE_ROOT; };
		B6B9768136E15886ABD03A47 /* iApp.cpp */ = {isa = PBXFileReference; explicitFileType = sourcecode.cpp.cpp; fileEncoding = 30; name = iApp.cpp; path = ../../../addons/ofxBBCUtils/src/app/iApp.cpp; sourceTree = SOURCE_ROOT; };
		D9BA6984FC242624C146BD86 /* Cubic.h */ = {isa = PBXFileReference; explicitFileType = sourcecode.c.h; fileEncoding = 30; name = Cubic.h; path = ../../../addons/ofxBBCUtils/src/easing/Cubic.h; sourceTree = SOURCE_ROOT; };
		D9DFBADADEA5B332E3EE4F27 /* Circ.h */ = {isa = PBXFileReference; explicitFileType = sourcecode.c.h; fileEncoding = 30; name = Circ.h; path = ../../../addons/ofxBBCUtils/src/easing/Circ.h; sourceTree = SOURCE_ROOT; };
		DE701DBECCC3CA99306BEDD1 /* ErpEase.h */ = {isa = PBXFileReference; explicitFileType = sourcecode.c.h; fileEncoding = 30; name = ErpEase.h; path = ../../../addons/ofxBBCUtils/src/easing/ErpEase.h; sourceTree = SOURCE_ROOT; };
		E3CCBAEFA1F3759A3A1161D0 /* Quint.h */ = {isa = PBXFileReference; explicitFileType = sourcecode.c.h; fileEncoding = 30; name = Quint.h; path = ../../../addons/ofxBBCUtils/src/easing/Quint.h; sourceTree = SOURCE_ROOT; };
		E4328143138ABC890047C5CB /* openFrameworksLib.xcodeproj */ = {isa = PBXFileReference; lastKnownFileType = "wrapper.pb-project"; name = openFrameworksLib.xcodeproj; path = ../../../libs/openFrameworksCompiled/project/osx/openFrameworksLib.xcodeproj; sourceTree = SOURCE_ROOT; };
		E4B69B5B0A3A1756003C02F2 /* ofxBBCUtilsDemoDebug.app */ = {isa = PBXFileReference; explicitFileType = wrapper.application; includeInIndex = 0; path = ofxBBCUtilsDemoDebug.app; sourceTree = BUILT_PRODUCTS_DIR; };
		E4B69E1D0A3A1BDC003C02F2 /* main.cpp */ = {isa = PBXFileReference; fileEncoding = 30; lastKnownFileType = sourcecode.cpp.cpp; name = main.cpp; path = src/main.cpp; sourceTree = SOURCE_ROOT; };
		E4B69E1E0A3A1BDC003C02F2 /* ofApp.cpp */ = {isa = PBXFileReference; explicitFileType = sourcecode.cpp.cpp; fileEncoding = 30; name = ofApp.cpp; path = src/ofApp.cpp; sourceTree = SOURCE_ROOT; };
		E4B69E1F0A3A1BDC003C02F2 /* ofApp.h */ = {isa = PBXFileReference; fileEncoding = 30; lastKnownFileType = sourcecode.c.h; name = ofApp.h; path = src/ofApp.h; sourceTree = SOURCE_ROOT; };
		E4B6FCAD0C3E899E008CF71C /* openFrameworks-Info.plist */ = {isa = PBXFileReference; fileEncoding = 30; lastKnownFileType = text.plist.xml; path = "openFrameworks-Info.plist"; sourceTree = "<group>"; };
		E4EB691F138AFCF100A09F29 /* CoreOF.xcconfig */ = {isa = PBXFileReference; fileEncoding = 4; lastKnownFileType = text.xcconfig; name = CoreOF.xcconfig; path = ../../../libs/openFrameworksCompiled/project/osx/CoreOF.xcconfig; sourceTree = SOURCE_ROOT; };
		E4EB6923138AFD0F00A09F29 /* Project.xcconfig */ = {isa = PBXFileReference; fileEncoding = 4; lastKnownFileType = text.xcconfig; path = Project.xcconfig; sourceTree = "<group>"; };
		E9DF8F2D061F3968EC401A3A /* XmlSettingsEx.h */ = {isa = PBXFileReference; explicitFileType = sourcecode.c.h; fileEncoding = 30; name = XmlSettingsEx.h; path = ../../../addons/ofxBBCUtils/src/XmlSettingsEx.h; sourceTree = SOURCE_ROOT; };
		FBFADC7CBF7FA760B4775D32 /* BBCUtils.h */ = {isa = PBXFileReference; explicitFileType = sourcecode.c.h; fileEncoding = 30; name = BBCUtils.h; path = ../../../addons/ofxBBCUtils/src/BBCUtils.h; sourceTree = SOURCE_ROOT; };
		FC5DA1C87211D4F6377DA719 /* tinyxmlparser.cpp */ = {isa = PBXFileReference; explicitFileType = sourcecode.cpp.cpp; fileEncoding = 30; name = tinyxmlparser.cpp; path = ../../../addons/ofxXmlSettings/libs/tinyxmlparser.cpp; sourceTree = SOURCE_ROOT; };
/* End PBXFileReference section */

/* Begin PBXFrameworksBuildPhase section */
		E4B69B590A3A1756003C02F2 /* Frameworks */ = {
			isa = PBXFrameworksBuildPhase;
			buildActionMask = 2147483647;
			files = (
				E4328149138ABC9F0047C5CB /* openFrameworksDebug.a in Frameworks */,
			);
			runOnlyForDeploymentPostprocessing = 0;
		};
/* End PBXFrameworksBuildPhase section */

/* Begin PBXGroup section */
		16288B151BAB8DA200812277 /* data */ = {
			isa = PBXGroup;
			children = (
				16288B171BAB8DA200812277 /* config.xml */,
			);
			name = data;
			path = bin/data;
			sourceTree = "<group>";
		};
		1F4FB5C423662B96ADFDCC0B /* ofxXmlSettings */ = {
			isa = PBXGroup;
			children = (
				6ECEF0D76BC33727823EADFF /* src */,
				6E54289412D2D94F45A05113 /* libs */,
			);
			name = ofxXmlSettings;
			sourceTree = "<group>";
		};
		6843C1CCA5C57B2EAEE7055E /* timers */ = {
			isa = PBXGroup;
			children = (
				6BC9329E0CADB4B77D5858F0 /* CheckTimer.cpp */,
				6862D6D0274F2B7724021D3F /* CheckTimer.h */,
				4C33654D62F1D3B0E4767792 /* FrameTimer.cpp */,
				9BC8C5DD6E3A4D342DE38DA0 /* FrameTimer.h */,
			);
			name = timers;
			sourceTree = "<group>";
		};
		6948EE371B920CB800B5AC1A /* local_addons */ = {
			isa = PBXGroup;
			children = (
			);
			name = local_addons;
			sourceTree = "<group>";
		};
		6E54289412D2D94F45A05113 /* libs */ = {
			isa = PBXGroup;
			children = (
				2B40EDA85BEB63E46785BC29 /* tinyxml.cpp */,
				B21E7E5F548EEA92F368040B /* tinyxml.h */,
				832BDC407620CDBA568B713D /* tinyxmlerror.cpp */,
				FC5DA1C87211D4F6377DA719 /* tinyxmlparser.cpp */,
			);
			name = libs;
			sourceTree = "<group>";
		};
		6ECEF0D76BC33727823EADFF /* src */ = {
			isa = PBXGroup;
			children = (
				50DF87D612C5AAE17AAFA6C0 /* ofxXmlSettings.cpp */,
				01DCC0911400F9ACF5B65578 /* ofxXmlSettings.h */,
			);
			name = src;
			sourceTree = "<group>";
		};
		775E81E004BE024834A872FD /* src */ = {
			isa = PBXGroup;
			children = (
				C7729FFAF987D38C000B2F30 /* animation */,
				AD521D9E720F67043C6940DA /* app */,
				097B3DE5AB3AFF215F9E9282 /* bbcConfig.cpp */,
				2A5C8AEB36477D7425170E40 /* bbcConfig.h */,
				FBFADC7CBF7FA760B4775D32 /* BBCUtils.h */,
				9DD882B9B4A35E93AC838212 /* debug */,
				97043F8F903926D9FE3721F6 /* easing */,
				6843C1CCA5C57B2EAEE7055E /* timers */,
				44E4E648B6AF4C25465BDF27 /* XmlSettingsEx.cpp */,
				E9DF8F2D061F3968EC401A3A /* XmlSettingsEx.h */,
			);
			name = src;
			sourceTree = "<group>";
		};
		97043F8F903926D9FE3721F6 /* easing */ = {
			isa = PBXGroup;
			children = (
				A5D039A084B865B4DC68ED98 /* Back.h */,
				80C67CB7CABF24782FF9F1C7 /* Bounce.h */,
				D9DFBADADEA5B332E3EE4F27 /* Circ.h */,
				D9BA6984FC242624C146BD86 /* Cubic.h */,
				88969E6E689D41D940B10DCA /* easing.h */,
				77FDCB25D3300A8A9189C503 /* Elastic.h */,
				DE701DBECCC3CA99306BEDD1 /* ErpEase.h */,
				9DECC8175413102E4E17E796 /* Expo.h */,
				56115D40D47539E428604F50 /* Linear.h */,
				643FF0B5A58B99E2EF2113D1 /* Quad.h */,
				1CC5DF37FDFE96371D7246DC /* Quart.h */,
				E3CCBAEFA1F3759A3A1161D0 /* Quint.h */,
				2F12C877D49EEE3437631DB1 /* Sine.h */,
			);
			name = easing;
			sourceTree = "<group>";
		};
		9DD882B9B4A35E93AC838212 /* debug */ = {
			isa = PBXGroup;
			children = (
				2D29028F956E3E87802D18AD /* FPSTrackingWidget.h */,
			);
			name = debug;
			sourceTree = "<group>";
		};
		AD521D9E720F67043C6940DA /* app */ = {
			isa = PBXGroup;
			children = (
				B6B9768136E15886ABD03A47 /* iApp.cpp */,
				AEC750E99FE0374D9DF4507F /* iApp.h */,
			);
			name = app;
			sourceTree = "<group>";
		};
		BB4B014C10F69532006C3DED /* addons */ = {
			isa = PBXGroup;
			children = (
				D932C818D54908CBCFADB776 /* ofxBBCUtils */,
				1F4FB5C423662B96ADFDCC0B /* ofxXmlSettings */,
			);
			name = addons;
			sourceTree = "<group>";
		};
		C7729FFAF987D38C000B2F30 /* animation */ = {
			isa = PBXGroup;
			children = (
				5E9792D817790CC772B6DFAC /* BezierAnimator.h */,
				2DDEA227027DE6081F4B8904 /* FrameTweener.h */,
				77055580925EC895A186E23B /* RandomBezierAnimator.h */,
			);
			name = animation;
			sourceTree = "<group>";
		};
		D932C818D54908CBCFADB776 /* ofxBBCUtils */ = {
			isa = PBXGroup;
			children = (
				775E81E004BE024834A872FD /* src */,
			);
			name = ofxBBCUtils;
			sourceTree = "<group>";
		};
		E4328144138ABC890047C5CB /* Products */ = {
			isa = PBXGroup;
			children = (
				E4328148138ABC890047C5CB /* openFrameworksDebug.a */,
			);
			name = Products;
			sourceTree = "<group>";
		};
		E4B69B4A0A3A1720003C02F2 = {
			isa = PBXGroup;
			children = (
				E4B6FCAD0C3E899E008CF71C /* openFrameworks-Info.plist */,
				E4EB6923138AFD0F00A09F29 /* Project.xcconfig */,
				16288B151BAB8DA200812277 /* data */,
				E4B69E1C0A3A1BDC003C02F2 /* src */,
				E4EEC9E9138DF44700A80321 /* openFrameworks */,
				BB4B014C10F69532006C3DED /* addons */,
				6948EE371B920CB800B5AC1A /* local_addons */,
				E4B69B5B0A3A1756003C02F2 /* ofxBBCUtilsDemoDebug.app */,
			);
			sourceTree = "<group>";
		};
		E4B69E1C0A3A1BDC003C02F2 /* src */ = {
			isa = PBXGroup;
			children = (
				E4B69E1D0A3A1BDC003C02F2 /* main.cpp */,
				E4B69E1E0A3A1BDC003C02F2 /* ofApp.cpp */,
				E4B69E1F0A3A1BDC003C02F2 /* ofApp.h */,
			);
			path = src;
			sourceTree = SOURCE_ROOT;
		};
		E4EEC9E9138DF44700A80321 /* openFrameworks */ = {
			isa = PBXGroup;
			children = (
				E4EB691F138AFCF100A09F29 /* CoreOF.xcconfig */,
				E4328143138ABC890047C5CB /* openFrameworksLib.xcodeproj */,
			);
			name = openFrameworks;
			sourceTree = "<group>";
		};
/* End PBXGroup section */

/* Begin PBXNativeTarget section */
		E4B69B5A0A3A1756003C02F2 /* ofxBBCUtilsDemo */ = {
			isa = PBXNativeTarget;
			buildConfigurationList = E4B69B5F0A3A1757003C02F2 /* Build configuration list for PBXNativeTarget "ofxBBCUtilsDemo" */;
			buildPhases = (
				E4B69B580A3A1756003C02F2 /* Sources */,
				E4B69B590A3A1756003C02F2 /* Frameworks */,
				E4B6FFFD0C3F9AB9008CF71C /* ShellScript */,
				E4C2427710CC5ABF004149E2 /* CopyFiles */,
			);
			buildRules = (
			);
			dependencies = (
				E4EEB9AC138B136A00A80321 /* PBXTargetDependency */,
			);
			name = ofxBBCUtilsDemo;
			productName = myOFApp;
			productReference = E4B69B5B0A3A1756003C02F2 /* ofxBBCUtilsDemoDebug.app */;
			productType = "com.apple.product-type.application";
		};
/* End PBXNativeTarget section */

/* Begin PBXProject section */
		E4B69B4C0A3A1720003C02F2 /* Project object */ = {
			isa = PBXProject;
			attributes = {
				LastUpgradeCheck = 0600;
			};
			buildConfigurationList = E4B69B4D0A3A1720003C02F2 /* Build configuration list for PBXProject "ofxBBCUtilsDemo" */;
			compatibilityVersion = "Xcode 3.2";
			developmentRegion = English;
			hasScannedForEncodings = 0;
			knownRegions = (
				English,
				Japanese,
				French,
				German,
			);
			mainGroup = E4B69B4A0A3A1720003C02F2;
			productRefGroup = E4B69B4A0A3A1720003C02F2;
			projectDirPath = "";
			projectReferences = (
				{
					ProductGroup = E4328144138ABC890047C5CB /* Products */;
					ProjectRef = E4328143138ABC890047C5CB /* openFrameworksLib.xcodeproj */;
				},
			);
			projectRoot = "";
			targets = (
				E4B69B5A0A3A1756003C02F2 /* ofxBBCUtilsDemo */,
			);
		};
/* End PBXProject section */

/* Begin PBXReferenceProxy section */
		E4328148138ABC890047C5CB /* openFrameworksDebug.a */ = {
			isa = PBXReferenceProxy;
			fileType = archive.ar;
			path = openFrameworksDebug.a;
			remoteRef = E4328147138ABC890047C5CB /* PBXContainerItemProxy */;
			sourceTree = BUILT_PRODUCTS_DIR;
		};
/* End PBXReferenceProxy section */

/* Begin PBXShellScriptBuildPhase section */
		E4B6FFFD0C3F9AB9008CF71C /* ShellScript */ = {
			isa = PBXShellScriptBuildPhase;
			buildActionMask = 2147483647;
			files = (
			);
			inputPaths = (
			);
			outputPaths = (
			);
			runOnlyForDeploymentPostprocessing = 0;
			shellPath = /bin/sh;
			shellScript = "rsync -aved ../../../libs/fmodex/lib/osx/libfmodex.dylib \"$TARGET_BUILD_DIR/$PRODUCT_NAME.app/Contents/MacOS/\"; install_name_tool -change ./libfmodex.dylib @executable_path/libfmodex.dylib \"$TARGET_BUILD_DIR/$PRODUCT_NAME.app/Contents/MacOS/$PRODUCT_NAME\";\nmkdir -p \"$TARGET_BUILD_DIR/$PRODUCT_NAME.app/Contents/Resources/\"\nrsync -aved \"$ICON_FILE\" \"$TARGET_BUILD_DIR/$PRODUCT_NAME.app/Contents/Resources/\"\nrsync -aved ../../../libs/glut/lib/osx/GLUT.framework \"$TARGET_BUILD_DIR/$PRODUCT_NAME.app/Contents/Frameworks/\"\n";
		};
/* End PBXShellScriptBuildPhase section */

/* Begin PBXSourcesBuildPhase section */
		E4B69B580A3A1756003C02F2 /* Sources */ = {
			isa = PBXSourcesBuildPhase;
			buildActionMask = 2147483647;
			files = (
				E4B69E200A3A1BDC003C02F2 /* main.cpp in Sources */,
				E4B69E210A3A1BDC003C02F2 /* ofApp.cpp in Sources */,
				31FE1F7A00DF82FCC90BA753 /* iApp.cpp in Sources */,
				881A59493E345970B3DF562A /* bbcConfig.cpp in Sources */,
				79141D7C0BBC9D86102FC20A /* CheckTimer.cpp in Sources */,
				487ED88D81A1598B77F6ED97 /* FrameTimer.cpp in Sources */,
				F50A83CC0282500EFC034859 /* XmlSettingsEx.cpp in Sources */,
				63B57AC5BF4EF088491E0317 /* ofxXmlSettings.cpp in Sources */,
				933A2227713C720CEFF80FD9 /* tinyxml.cpp in Sources */,
				9D44DC88EF9E7991B4A09951 /* tinyxmlerror.cpp in Sources */,
				5A4349E9754D6FA14C0F2A3A /* tinyxmlparser.cpp in Sources */,
			);
			runOnlyForDeploymentPostprocessing = 0;
		};
/* End PBXSourcesBuildPhase section */

/* Begin PBXTargetDependency section */
		E4EEB9AC138B136A00A80321 /* PBXTargetDependency */ = {
			isa = PBXTargetDependency;
			name = openFrameworks;
			targetProxy = E4EEB9AB138B136A00A80321 /* PBXContainerItemProxy */;
		};
/* End PBXTargetDependency section */

/* Begin XCBuildConfiguration section */
		E4B69B4E0A3A1720003C02F2 /* Debug */ = {
			isa = XCBuildConfiguration;
			baseConfigurationReference = E4EB6923138AFD0F00A09F29 /* Project.xcconfig */;
			buildSettings = {
				CONFIGURATION_BUILD_DIR = "$(SRCROOT)/bin/";
				COPY_PHASE_STRIP = NO;
				DEAD_CODE_STRIPPING = YES;
				GCC_AUTO_VECTORIZATION = YES;
				GCC_ENABLE_SSE3_EXTENSIONS = YES;
				GCC_ENABLE_SUPPLEMENTAL_SSE3_INSTRUCTIONS = YES;
				GCC_INLINES_ARE_PRIVATE_EXTERN = NO;
				GCC_OPTIMIZATION_LEVEL = 0;
				GCC_SYMBOLS_PRIVATE_EXTERN = NO;
				GCC_WARN_ABOUT_DEPRECATED_FUNCTIONS = YES;
				GCC_WARN_ABOUT_INVALID_OFFSETOF_MACRO = NO;
				GCC_WARN_ALLOW_INCOMPLETE_PROTOCOL = NO;
				GCC_WARN_UNINITIALIZED_AUTOS = NO;
				GCC_WARN_UNUSED_VALUE = NO;
				GCC_WARN_UNUSED_VARIABLE = NO;
				HEADER_SEARCH_PATHS = (
					"$(OF_CORE_HEADERS)",
					../../../addons/ofxBBCUtils/src,
					../../../addons/ofxBBCUtils/src/animation,
					../../../addons/ofxBBCUtils/src/app,
					../../../addons/ofxBBCUtils/src/debug,
					../../../addons/ofxBBCUtils/src/easing,
					../../../addons/ofxBBCUtils/src/timers,
					../../../addons/ofxXmlSettings/libs,
					../../../addons/ofxXmlSettings/src,
				);
				MACOSX_DEPLOYMENT_TARGET = 10.8;
				ONLY_ACTIVE_ARCH = YES;
				OTHER_CPLUSPLUSFLAGS = (
					"-D__MACOSX_CORE__",
					"-mtune=native",
				);
				SDKROOT = macosx;
			};
			name = Debug;
		};
		E4B69B4F0A3A1720003C02F2 /* Release */ = {
			isa = XCBuildConfiguration;
			baseConfigurationReference = E4EB6923138AFD0F00A09F29 /* Project.xcconfig */;
			buildSettings = {
				CONFIGURATION_BUILD_DIR = "$(SRCROOT)/bin/";
				COPY_PHASE_STRIP = YES;
				DEAD_CODE_STRIPPING = YES;
				GCC_AUTO_VECTORIZATION = YES;
				GCC_ENABLE_SSE3_EXTENSIONS = YES;
				GCC_ENABLE_SUPPLEMENTAL_SSE3_INSTRUCTIONS = YES;
				GCC_INLINES_ARE_PRIVATE_EXTERN = NO;
				GCC_OPTIMIZATION_LEVEL = 3;
				GCC_SYMBOLS_PRIVATE_EXTERN = NO;
				GCC_UNROLL_LOOPS = YES;
				GCC_WARN_ABOUT_DEPRECATED_FUNCTIONS = YES;
				GCC_WARN_ABOUT_INVALID_OFFSETOF_MACRO = NO;
				GCC_WARN_ALLOW_INCOMPLETE_PROTOCOL = NO;
				GCC_WARN_UNINITIALIZED_AUTOS = NO;
				GCC_WARN_UNUSED_VALUE = NO;
				GCC_WARN_UNUSED_VARIABLE = NO;
				HEADER_SEARCH_PATHS = (
					"$(OF_CORE_HEADERS)",
					../../../addons/ofxBBCUtils/src,
					../../../addons/ofxBBCUtils/src/animation,
					../../../addons/ofxBBCUtils/src/app,
					../../../addons/ofxBBCUtils/src/debug,
					../../../addons/ofxBBCUtils/src/easing,
					../../../addons/ofxBBCUtils/src/timers,
					../../../addons/ofxXmlSettings/libs,
					../../../addons/ofxXmlSettings/src,
				);
				MACOSX_DEPLOYMENT_TARGET = 10.8;
				OTHER_CPLUSPLUSFLAGS = (
					"-D__MACOSX_CORE__",
					"-mtune=native",
				);
				SDKROOT = macosx;
			};
			name = Release;
		};
		E4B69B600A3A1757003C02F2 /* Debug */ = {
			isa = XCBuildConfiguration;
			baseConfigurationReference = E4EB6923138AFD0F00A09F29 /* Project.xcconfig */;
			buildSettings = {
				COMBINE_HIDPI_IMAGES = YES;
				COPY_PHASE_STRIP = NO;
				FRAMEWORK_SEARCH_PATHS = (
					"$(inherited)",
					"$(FRAMEWORK_SEARCH_PATHS_QUOTED_FOR_TARGET_1)",
				);
				FRAMEWORK_SEARCH_PATHS_QUOTED_FOR_TARGET_1 = "\"$(SRCROOT)/../../../libs/glut/lib/osx\"";
				GCC_DYNAMIC_NO_PIC = NO;
				GCC_GENERATE_DEBUGGING_SYMBOLS = YES;
				GCC_MODEL_TUNING = NONE;
				HEADER_SEARCH_PATHS = (
					"$(OF_CORE_HEADERS)",
					../../../addons/ofxBBCUtils/src,
					../../../addons/ofxBBCUtils/src/animation,
					../../../addons/ofxBBCUtils/src/app,
					../../../addons/ofxBBCUtils/src/debug,
					../../../addons/ofxBBCUtils/src/easing,
					../../../addons/ofxBBCUtils/src/timers,
					../../../addons/ofxXmlSettings/libs,
					../../../addons/ofxXmlSettings/src,
				);
				ICON = "$(ICON_NAME_DEBUG)";
				ICON_FILE = "$(ICON_FILE_PATH)$(ICON)";
				INFOPLIST_FILE = "openFrameworks-Info.plist";
				INSTALL_PATH = "$(HOME)/Applications";
				LIBRARY_SEARCH_PATHS = "$(inherited)";
				PRODUCT_NAME = "$(TARGET_NAME)Debug";
				WRAPPER_EXTENSION = app;
			};
			name = Debug;
		};
		E4B69B610A3A1757003C02F2 /* Release */ = {
			isa = XCBuildConfiguration;
			baseConfigurationReference = E4EB6923138AFD0F00A09F29 /* Project.xcconfig */;
			buildSettings = {
				COMBINE_HIDPI_IMAGES = YES;
				COPY_PHASE_STRIP = YES;
				FRAMEWORK_SEARCH_PATHS = (
					"$(inherited)",
					"$(FRAMEWORK_SEARCH_PATHS_QUOTED_FOR_TARGET_1)",
				);
				FRAMEWORK_SEARCH_PATHS_QUOTED_FOR_TARGET_1 = "\"$(SRCROOT)/../../../libs/glut/lib/osx\"";
				GCC_GENERATE_DEBUGGING_SYMBOLS = YES;
				GCC_MODEL_TUNING = NONE;
				HEADER_SEARCH_PATHS = (
					"$(OF_CORE_HEADERS)",
					../../../addons/ofxBBCUtils/src,
					../../../addons/ofxBBCUtils/src/animation,
					../../../addons/ofxBBCUtils/src/app,
					../../../addons/ofxBBCUtils/src/debug,
					../../../addons/ofxBBCUtils/src/easing,
					../../../addons/ofxBBCUtils/src/timers,
					../../../addons/ofxXmlSettings/libs,
					../../../addons/ofxXmlSettings/src,
				);
				ICON = "$(ICON_NAME_RELEASE)";
				ICON_FILE = "$(ICON_FILE_PATH)$(ICON)";
				INFOPLIST_FILE = "openFrameworks-Info.plist";
				INSTALL_PATH = "$(HOME)/Applications";
				LIBRARY_SEARCH_PATHS = "$(inherited)";
				PRODUCT_NAME = "$(TARGET_NAME)";
				WRAPPER_EXTENSION = app;
				baseConfigurationReference = E4EB6923138AFD0F00A09F29;
			};
			name = Release;
		};
/* End XCBuildConfiguration section */

/* Begin XCConfigurationList section */
		E4B69B4D0A3A1720003C02F2 /* Build configuration list for PBXProject "ofxBBCUtilsDemo" */ = {
			isa = XCConfigurationList;
			buildConfigurations = (
				E4B69B4E0A3A1720003C02F2 /* Debug */,
				E4B69B4F0A3A1720003C02F2 /* Release */,
			);
			defaultConfigurationIsVisible = 0;
			defaultConfigurationName = Release;
		};
		E4B69B5F0A3A1757003C02F2 /* Build configuration list for PBXNativeTarget "ofxBBCUtilsDemo" */ = {
			isa = XCConfigurationList;
			buildConfigurations = (
				E4B69B600A3A1757003C02F2 /* Debug */,
				E4B69B610A3A1757003C02F2 /* Release */,
			);
			defaultConfigurationIsVisible = 0;
			defaultConfigurationName = Release;
		};
/* End XCConfigurationList section */
	};
	rootObject = E4B69B4C0A3A1720003C02F2 /* Project object */;
}
